
Microsoft Visual Studio Solution File, Format Version 12.00
# Visual Studio Version 17
VisualStudioVersion = 17.5.002.0
MinimumVisualStudioVersion = 10.0.40219.1
Project("{9A19103F-16F7-4668-BE54-9A1E7A4F7556}") = "Exp04-Jagged-Array", "Exp04-Jagged-Array.csproj", "{1AED17A1-E40F-41E3-8541-202AACD04265}"
EndProject
Global
	GlobalSection(SolutionConfigurationPlatforms) = preSolution
		Debug|Any CPU = Debug|Any CPU
		Release|Any CPU = Release|Any CPU
	EndGlobalSection
	GlobalSection(ProjectConfigurationPlatforms) = postSolution
		{1AED17A1-E40F-41E3-8541-202AACD04265}.Debug|Any CPU.ActiveCfg = Debug|Any CPU
		{1AED17A1-E40F-41E3-8541-202AACD04265}.Debug|Any CPU.Build.0 = Debug|Any CPU
		{1AED17A1-E40F-41E3-8541-202AACD04265}.Release|Any CPU.ActiveCfg = Release|Any CPU
		{1AED17A1-E40F-41E3-8541-202AACD04265}.Release|Any CPU.Build.0 = Release|Any CPU
	EndGlobalSection
	GlobalSection(SolutionProperties) = preSolution
		HideSolutionNode = FALSE
	EndGlobalSection
	GlobalSection(ExtensibilityGlobals) = postSolution
		SolutionGuid = {ACD65792-52B9-4AA7-90E8-E59F7B184A87}
	EndGlobalSection
EndGlobal
